
Microsoft Visual Studio Solution File, Format Version 12.00
# Visual Studio 14
VisualStudioVersion = 14.0.24720.0
MinimumVisualStudioVersion = 10.0.40219.1
Project("{8BC9CEB8-8B4A-11D0-8D11-00A0C91BC942}") = "WinBGIm", "WinBGIm\WinBGIm.vcxproj", "{604CEBFB-5B8B-49AE-8351-36CAC1BEF088}"
EndProject
Project("{2150E333-8FDC-42A3-9474-1A3956D46DE8}") = "Solution Items", "Solution Items", "{0325F3E0-2847-4806-AC24-98F1EA9B96A8}"
	ProjectSection(SolutionItems) = preProject
		README.md = README.md
	EndProjectSection
EndProject
Global
	GlobalSection(SolutionConfigurationPlatforms) = preSolution
		Debug|x64 = Debug|x64
		Debug|x86 = Debug|x86
		Release|x64 = Release|x64
		Release|x86 = Release|x86
	EndGlobalSection
	GlobalSection(ProjectConfigurationPlatforms) = postSolution
		{604CEBFB-5B8B-49AE-8351-36CAC1BEF088}.Debug|x64.ActiveCfg = Debug|x64
		{604CEBFB-5B8B-49AE-8351-36CAC1BEF088}.Debug|x64.Build.0 = Debug|x64
		{604CEBFB-5B8B-49AE-8351-36CAC1BEF088}.Debug|x86.ActiveCfg = Debug|Win32
		{604CEBFB-5B8B-49AE-8351-36CAC1BEF088}.Debug|x86.Build.0 = Debug|Win32
		{604CEBFB-5B8B-49AE-8351-36CAC1BEF088}.Release|x64.ActiveCfg = Release|x64
		{604CEBFB-5B8B-49AE-8351-36CAC1BEF088}.Release|x64.Build.0 = Release|x64
		{604CEBFB-5B8B-49AE-8351-36CAC1BEF088}.Release|x86.ActiveCfg = Release|Win32
		{604CEBFB-5B8B-49AE-8351-36CAC1BEF088}.Release|x86.Build.0 = Release|Win32
	EndGlobalSection
	GlobalSection(SolutionProperties) = preSolution
		HideSolutionNode = FALSE
	EndGlobalSection
EndGlobal
